<?xml version="1.0" encoding="utf-8"?>
<Project ToolsVersion="4.0" xmlns="http://schemas.microsoft.com/developer/msbuild/2003">
  <ItemGroup>
    <Filter Include="Source Files">
      <UniqueIdentifier>{76012081-229d-4596-9ee9-48b47eca6dad}</UniqueIdentifier>
      <Extensions>cpp;c;cxx;rc;def;r;odl;idl;hpj;bat</Extensions>
    </Filter>
    <Filter Include="Header Files">
      <UniqueIdentifier>{699a8354-9d0f-4bf4-bf6c-63c708323796}</UniqueIdentifier>
      <Extensions>h;hpp;hxx;hm;inl</Extensions>
    </Filter>
    <Filter Include="Resource Files">
      <UniqueIdentifier>{b50fa7ee-5fee-4113-a7ad-5e02f8661e3d}</UniqueIdentifier>
      <Extensions>ico;cur;bmp;dlg;rc2;rct;bin;rgs;gif;jpg;jpeg;jpe</Extensions>
    </Filter>
  </ItemGroup>
  <ItemGroup>
    <ClCompile Include="ChildView.cpp">
      <Filter>Source Files</Filter>
    </ClCompile>
    <ClCompile Include="FSMclass.cpp">
      <Filter>Source Files</Filter>
    </ClCompile>
    <ClCompile Include="FSMstate.cpp">
      <Filter>Source Files</Filter>
    </ClCompile>
    <ClCompile Include="FuSMclass.cpp">
      <Filter>Source Files</Filter>
    </ClCompile>
    <ClCompile Include="FuSMstate.cpp">
      <Filter>Source Files</Filter>
    </ClCompile>
    <ClCompile Include="GameGems.cpp">
      <Filter>Source Files</Filter>
    </ClCompile>
    <ClCompile Include="MainFrm.cpp">
      <Filter>Source Files</Filter>
    </ClCompile>
    <ClCompile Include="StdAfx.cpp">
      <Filter>Source Files</Filter>
    </ClCompile>
    <ClCompile Include="TestFSMDlg.cpp">
      <Filter>Source Files</Filter>
    </ClCompile>
    <ClCompile Include="TestFuSMDlg.cpp">
      <Filter>Source Files</Filter>
    </ClCompile>
  </ItemGroup>
  <ItemGroup>
    <ResourceCompile Include="GameGems.rc">
      <Filter>Source Files</Filter>
    </ResourceCompile>
  </ItemGroup>
  <ItemGroup>
    <ClInclude Include="ChildView.h">
      <Filter>Header Files</Filter>
    </ClInclude>
    <ClInclude Include="FSMclass.h">
      <Filter>Header Files</Filter>
    </ClInclude>
    <ClInclude Include="FSMstate.h">
      <Filter>Header Files</Filter>
    </ClInclude>
    <ClInclude Include="FuSMclass.h">
      <Filter>Header Files</Filter>
    </ClInclude>
    <ClInclude Include="FuSMstate.h">
      <Filter>Header Files</Filter>
    </ClInclude>
    <ClInclude Include="GameGems.h">
      <Filter>Header Files</Filter>
    </ClInclude>
    <ClInclude Include="MainFrm.h">
      <Filter>Header Files</Filter>
    </ClInclude>
    <ClInclude Include="Resource.h">
      <Filter>Header Files</Filter>
    </ClInclude>
    <ClInclude Include="StdAfx.h">
      <Filter>Header Files</Filter>
    </ClInclude>
    <ClInclude Include="TestFSMDlg.h">
      <Filter>Header Files</Filter>
    </ClInclude>
    <ClInclude Include="TestFuSMDlg.h">
      <Filter>Header Files</Filter>
    </ClInclude>
  </ItemGroup>
  <ItemGroup>
    <Image Include="res\GameGems.ico">
      <Filter>Resource Files</Filter>
    </Image>
  </ItemGroup>
  <ItemGroup>
    <Text Include="ReadMe.txt" />
  </ItemGroup>
  <ItemGroup>
    <CustomBuild Include="res\GameGems.rc2">
      <Filter>Resource Files</Filter>
    </CustomBuild>
  </ItemGroup>
</Project>